
Microsoft Visual Studio Solution File, Format Version 12.00
# Visual Studio Version 17
VisualStudioVersion = 17.7.34018.315
MinimumVisualStudioVersion = 10.0.40219.1
Project("{FAE04EC0-301F-11D3-BF4B-00C04F79EFBC}") = "Calculator", "Calculator\Calculator.csproj", "{D9C96517-B3F9-489B-BD18-16D26FC4B4EB}"
EndProject
Global
	GlobalSection(SolutionConfigurationPlatforms) = preSolution
		Debug|Any CPU = Debug|Any CPU
		Release|Any CPU = Release|Any CPU
	EndGlobalSection
	GlobalSection(ProjectConfigurationPlatforms) = postSolution
		{D9C96517-B3F9-489B-BD18-16D26FC4B4EB}.Debug|Any CPU.ActiveCfg = Debug|Any CPU
		{D9C96517-B3F9-489B-BD18-16D26FC4B4EB}.Debug|Any CPU.Build.0 = Debug|Any CPU
		{D9C96517-B3F9-489B-BD18-16D26FC4B4EB}.Debug|Any CPU.Deploy.0 = Debug|Any CPU
		{D9C96517-B3F9-489B-BD18-16D26FC4B4EB}.Release|Any CPU.ActiveCfg = Release|Any CPU
		{D9C96517-B3F9-489B-BD18-16D26FC4B4EB}.Release|Any CPU.Build.0 = Release|Any CPU
		{D9C96517-B3F9-489B-BD18-16D26FC4B4EB}.Release|Any CPU.Deploy.0 = Release|Any CPU
	EndGlobalSection
	GlobalSection(SolutionProperties) = preSolution
		HideSolutionNode = FALSE
	EndGlobalSection
	GlobalSection(ExtensibilityGlobals) = postSolution
		SolutionGuid = {5219727F-8E28-41F0-9B25-5FDF72691437}
	EndGlobalSection
EndGlobal
